
Microsoft Visual Studio Solution File, Format Version 12.00
# Visual Studio Version 17
VisualStudioVersion = 17.11.35312.102
MinimumVisualStudioVersion = 10.0.40219.1
Project("{FAE04EC0-301F-11D3-BF4B-00C04F79EFBC}") = "azureServiceBusV1", "azureServiceBusV1\azureServiceBusV1.csproj", "{30ECEBD6-73B7-4CC2-A9E0-BB3661C51809}"
EndProject
Global
	GlobalSection(SolutionConfigurationPlatforms) = preSolution
		Debug|Any CPU = Debug|Any CPU
		Release|Any CPU = Release|Any CPU
	EndGlobalSection
	GlobalSection(ProjectConfigurationPlatforms) = postSolution
		{30ECEBD6-73B7-4CC2-A9E0-BB3661C51809}.Debug|Any CPU.ActiveCfg = Debug|Any CPU
		{30ECEBD6-73B7-4CC2-A9E0-BB3661C51809}.Debug|Any CPU.Build.0 = Debug|Any CPU
		{30ECEBD6-73B7-4CC2-A9E0-BB3661C51809}.Release|Any CPU.ActiveCfg = Release|Any CPU
		{30ECEBD6-73B7-4CC2-A9E0-BB3661C51809}.Release|Any CPU.Build.0 = Release|Any CPU
	EndGlobalSection
	GlobalSection(SolutionProperties) = preSolution
		HideSolutionNode = FALSE
	EndGlobalSection
	GlobalSection(ExtensibilityGlobals) = postSolution
		SolutionGuid = {BFEA129D-3C08-405A-9358-9CF19D6A2B1E}
	EndGlobalSection
EndGlobal
